
Microsoft Visual Studio Solution File, Format Version 12.00
# Visual Studio 15
VisualStudioVersion = 15.0.27428.2015
MinimumVisualStudioVersion = 10.0.40219.1
Project("{FAE04EC0-301F-11D3-BF4B-00C04F79EFBC}") = "NinjaBoard", "NinjaBoard\NinjaBoard.csproj", "{7F38C10E-ED9D-423A-A9A7-0F06BB6EB9D3}"
EndProject
Project("{FAE04EC0-301F-11D3-BF4B-00C04F79EFBC}") = "NinjaBoard.Model", "NinjaBoard.Model\NinjaBoard.Model.csproj", "{42F3A08F-4D1B-4137-AAAD-90B6EDEF9563}"
EndProject
Global
	GlobalSection(SolutionConfigurationPlatforms) = preSolution
		Debug|Any CPU = Debug|Any CPU
		Release|Any CPU = Release|Any CPU
	EndGlobalSection
	GlobalSection(ProjectConfigurationPlatforms) = postSolution
		{7F38C10E-ED9D-423A-A9A7-0F06BB6EB9D3}.Debug|Any CPU.ActiveCfg = Debug|Any CPU
		{7F38C10E-ED9D-423A-A9A7-0F06BB6EB9D3}.Debug|Any CPU.Build.0 = Debug|Any CPU
		{7F38C10E-ED9D-423A-A9A7-0F06BB6EB9D3}.Release|Any CPU.ActiveCfg = Release|Any CPU
		{7F38C10E-ED9D-423A-A9A7-0F06BB6EB9D3}.Release|Any CPU.Build.0 = Release|Any CPU
		{42F3A08F-4D1B-4137-AAAD-90B6EDEF9563}.Debug|Any CPU.ActiveCfg = Debug|Any CPU
		{42F3A08F-4D1B-4137-AAAD-90B6EDEF9563}.Debug|Any CPU.Build.0 = Debug|Any CPU
		{42F3A08F-4D1B-4137-AAAD-90B6EDEF9563}.Release|Any CPU.ActiveCfg = Release|Any CPU
		{42F3A08F-4D1B-4137-AAAD-90B6EDEF9563}.Release|Any CPU.Build.0 = Release|Any CPU
	EndGlobalSection
	GlobalSection(SolutionProperties) = preSolution
		HideSolutionNode = FALSE
	EndGlobalSection
	GlobalSection(ExtensibilityGlobals) = postSolution
		SolutionGuid = {E80649FC-5313-4D75-B8DC-235CDE55253F}
	EndGlobalSection
EndGlobal
